
Microsoft Visual Studio Solution File, Format Version 12.00
# Visual Studio Version 17
VisualStudioVersion = 17.0.31919.166
MinimumVisualStudioVersion = 10.0.40219.1
Project("{9A19103F-16F7-4668-BE54-9A1E7A4F7556}") = "Api", "src\Api\Api.csproj", "{B3092ECA-0E99-4CC9-91BE-BDE65A41EBD1}"
EndProject
Project("{9A19103F-16F7-4668-BE54-9A1E7A4F7556}") = "DomainModel", "src\DomainModel\DomainModel.csproj", "{DE730C02-CD03-4224-9344-36596C2738EB}"
EndProject
Global
	GlobalSection(SolutionConfigurationPlatforms) = preSolution
		Debug|Any CPU = Debug|Any CPU
		Release|Any CPU = Release|Any CPU
	EndGlobalSection
	GlobalSection(ProjectConfigurationPlatforms) = postSolution
		{B3092ECA-0E99-4CC9-91BE-BDE65A41EBD1}.Debug|Any CPU.ActiveCfg = Debug|Any CPU
		{B3092ECA-0E99-4CC9-91BE-BDE65A41EBD1}.Debug|Any CPU.Build.0 = Debug|Any CPU
		{B3092ECA-0E99-4CC9-91BE-BDE65A41EBD1}.Release|Any CPU.ActiveCfg = Release|Any CPU
		{B3092ECA-0E99-4CC9-91BE-BDE65A41EBD1}.Release|Any CPU.Build.0 = Release|Any CPU
		{DE730C02-CD03-4224-9344-36596C2738EB}.Debug|Any CPU.ActiveCfg = Debug|Any CPU
		{DE730C02-CD03-4224-9344-36596C2738EB}.Debug|Any CPU.Build.0 = Debug|Any CPU
		{DE730C02-CD03-4224-9344-36596C2738EB}.Release|Any CPU.ActiveCfg = Release|Any CPU
		{DE730C02-CD03-4224-9344-36596C2738EB}.Release|Any CPU.Build.0 = Release|Any CPU
	EndGlobalSection
	GlobalSection(SolutionProperties) = preSolution
		HideSolutionNode = FALSE
	EndGlobalSection
	GlobalSection(ExtensibilityGlobals) = postSolution
		SolutionGuid = {CD1A3482-E296-45F7-96E4-7596331ACDF8}
	EndGlobalSection
EndGlobal
